
Microsoft Visual Studio Solution File, Format Version 12.00
# Visual Studio Version 17
VisualStudioVersion = 17.0.32112.339
MinimumVisualStudioVersion = 10.0.40219.1
Project("{FAE04EC0-301F-11D3-BF4B-00C04F79EFBC}") = "demo01ASP.NET", "demo01ASP.NET\demo01ASP.NET.csproj", "{0F002BEF-FA2B-456E-AFD6-4828F89D862D}"
EndProject
Global
	GlobalSection(SolutionConfigurationPlatforms) = preSolution
		Debug|Any CPU = Debug|Any CPU
		Release|Any CPU = Release|Any CPU
	EndGlobalSection
	GlobalSection(ProjectConfigurationPlatforms) = postSolution
		{0F002BEF-FA2B-456E-AFD6-4828F89D862D}.Debug|Any CPU.ActiveCfg = Debug|Any CPU
		{0F002BEF-FA2B-456E-AFD6-4828F89D862D}.Debug|Any CPU.Build.0 = Debug|Any CPU
		{0F002BEF-FA2B-456E-AFD6-4828F89D862D}.Release|Any CPU.ActiveCfg = Release|Any CPU
		{0F002BEF-FA2B-456E-AFD6-4828F89D862D}.Release|Any CPU.Build.0 = Release|Any CPU
	EndGlobalSection
	GlobalSection(SolutionProperties) = preSolution
		HideSolutionNode = FALSE
	EndGlobalSection
	GlobalSection(ExtensibilityGlobals) = postSolution
		SolutionGuid = {164304BB-4861-4A3D-95BC-75DCC3A1480D}
	EndGlobalSection
EndGlobal
